
Microsoft Visual Studio Solution File, Format Version 12.00
# Visual Studio Version 17
VisualStudioVersion = 17.4.33205.214
MinimumVisualStudioVersion = 10.0.40219.1
Project("{FAE04EC0-301F-11D3-BF4B-00C04F79EFBC}") = "Modul8", "Modul8.csproj", "{E9EFE4AD-E1A3-45B9-A2E2-CC06C379160A}"
EndProject
Global
	GlobalSection(SolutionConfigurationPlatforms) = preSolution
		Debug|Any CPU = Debug|Any CPU
		Release|Any CPU = Release|Any CPU
	EndGlobalSection
	GlobalSection(ProjectConfigurationPlatforms) = postSolution
		{E9EFE4AD-E1A3-45B9-A2E2-CC06C379160A}.Debug|Any CPU.ActiveCfg = Debug|Any CPU
		{E9EFE4AD-E1A3-45B9-A2E2-CC06C379160A}.Debug|Any CPU.Build.0 = Debug|Any CPU
		{E9EFE4AD-E1A3-45B9-A2E2-CC06C379160A}.Release|Any CPU.ActiveCfg = Release|Any CPU
		{E9EFE4AD-E1A3-45B9-A2E2-CC06C379160A}.Release|Any CPU.Build.0 = Release|Any CPU
	EndGlobalSection
	GlobalSection(SolutionProperties) = preSolution
		HideSolutionNode = FALSE
	EndGlobalSection
	GlobalSection(ExtensibilityGlobals) = postSolution
		SolutionGuid = {44DE7AAD-4766-490B-A835-421CBA605B4C}
	EndGlobalSection
EndGlobal
